// !$*UTF8*$!
{
	archiveVersion = 1;
	classes = {
	};
	objectVersion = 46;
	objects = {

/* Begin PBXBuildFile section */
		1ECA773F1E2894BD005ECD40 /* AppDelegate.swift in Sources */ = {isa = PBXBuildFile; fileRef = 1ECA773E1E2894BD005ECD40 /* AppDelegate.swift */; };
		1ECA77411E2894BD005ECD40 /* ViewController.swift in Sources */ = {isa = PBXBuildFile; fileRef = 1ECA77401E2894BD005ECD40 /* ViewController.swift */; };
		1ECA77441E2894BD005ECD40 /* Main.storyboard in Resources */ = {isa = PBXBuildFile; fileRef = 1ECA77421E2894BD005ECD40 /* Main.storyboard */; };
		1ECA77461E2894BD005ECD40 /* Assets.xcassets in Resources */ = {isa = PBXBuildFile; fileRef = 1ECA77451E2894BD005ECD40 /* Assets.xcassets */; };
		1ECA77491E2894BD005ECD40 /* LaunchScreen.storyboard in Resources */ = {isa = PBXBuildFile; fileRef = 1ECA77471E2894BD005ECD40 /* LaunchScreen.storyboard */; };
/* End PBXBuildFile section */

/* Begin PBXFileReference section */
		1ECA773B1E2894BD005ECD40 /* EzTet.app */ = {isa = PBXFileReference; explicitFileType = wrapper.application; includeInIndex = 0; path = EzTet.app; sourceTree = BUILT_PRODUCTS_DIR; };
		1ECA773E1E2894BD005ECD40 /* AppDelegate.swift */ = {isa = PBXFileReference; lastKnownFileType = sourcecode.swift; path = AppDelegate.swift; sourceTree = "<group>"; };
		1ECA77401E2894BD005ECD40 /* ViewController.swift */ = {isa = PBXFileReference; lastKnownFileType = sourcecode.swift; path = ViewController.swift; sourceTree = "<group>"; };
		1ECA77431E2894BD005ECD40 /* Base */ = {isa = PBXFileReference; lastKnownFileType = file.storyboard; name = Base; path = Base.lproj/Main.storyboard; sourceTree = "<group>"; };
		1ECA77451E2894BD005ECD40 /* Assets.xcassets */ = {isa = PBXFileReference; lastKnownFileType = folder.assetcatalog; path = Assets.xcassets; sourceTree = "<group>"; };
		1ECA77481E2894BD005ECD40 /* Base */ = {isa = PBXFileReference; lastKnownFileType = file.storyboard; name = Base; path = Base.lproj/LaunchScreen.storyboard; sourceTree = "<group>"; };
		1ECA774A1E2894BD005ECD40 /* Info.plist */ = {isa = PBXFileReference; lastKnownFileType = text.plist.xml; path = Info.plist; sourceTree = "<group>"; };
/* End PBXFileReference section */

/* Begin PBXFrameworksBuildPhase section */
		1ECA77381E2894BD005ECD40 /* Frameworks */ = {
			isa = PBXFrameworksBuildPhase;
			buildActionMask = 2147483647;
			files = (
			);
			runOnlyForDeploymentPostprocessing = 0;
		};
/* End PBXFrameworksBuildPhase section */

/* Begin PBXGroup section */
		1ECA77321E2894BD005ECD40 = {
			isa = PBXGroup;
			children = (
				1ECA773D1E2894BD005ECD40 /* EzTet */,
				1ECA773C1E2894BD005ECD40 /* Products */,
			);
			sourceTree = "<group>";
		};
		1ECA773C1E2894BD005ECD40 /* Products */ = {
			isa = PBXGroup;
			children = (
				1ECA773B1E2894BD005ECD40 /* EzTet.app */,
			);
			name = Products;
			sourceTree = "<group>";
		};
		1ECA773D1E2894BD005ECD40 /* EzTet */ = {
			isa = PBXGroup;
			children = (
				1ECA773E1E2894BD005ECD40 /* AppDelegate.swift */,
				1ECA77401E2894BD005ECD40 /* ViewController.swift */,
				1ECA77421E2894BD005ECD40 /* Main.storyboard */,
				1ECA77451E2894BD005ECD40 /* Assets.xcassets */,
				1ECA77471E2894BD005ECD40 /* LaunchScreen.storyboard */,
				1ECA774A1E2894BD005ECD40 /* Info.plist */,
			);
			path = EzTet;
			sourceTree = "<group>";
		};
/* End PBXGroup section */

/* Begin PBXNativeTarget section */
		1ECA773A1E2894BD005ECD40 /* EzTet */ = {
			isa = PBXNativeTarget;
			buildConfigurationList = 1ECA774D1E2894BD005ECD40 /* Build configuration list for PBXNativeTarget "EzTet" */;
			buildPhases = (
				1ECA77371E2894BD005ECD40 /* Sources */,
				1ECA77381E2894BD005ECD40 /* Frameworks */,
				1ECA77391E2894BD005ECD40 /* Resources */,
			);
			buildRules = (
			);
			dependencies = (
			);
			name = EzTet;
			productName = EzTet;
			productReference = 1ECA773B1E2894BD005ECD40 /* EzTet.app */;
			productType = "com.apple.product-type.application";
		};
/* End PBXNativeTarget section */

/* Begin PBXProject section */
		1ECA77331E2894BD005ECD40 /* Project object */ = {
			isa = PBXProject;
			attributes = {
				LastSwiftUpdateCheck = 0800;
				LastUpgradeCheck = 0800;
				ORGANIZATIONNAME = tek4fun;
				TargetAttributes = {
					1ECA773A1E2894BD005ECD40 = {
						CreatedOnToolsVersion = 8.0;
						ProvisioningStyle = Automatic;
					};
				};
			};
			buildConfigurationList = 1ECA77361E2894BD005ECD40 /* Build configuration list for PBXProject "EzTet" */;
			compatibilityVersion = "Xcode 3.2";
			developmentRegion = English;
			hasScannedForEncodings = 0;
			knownRegions = (
				en,
				Base,
			);
			mainGroup = 1ECA77321E2894BD005ECD40;
			productRefGroup = 1ECA773C1E2894BD005ECD40 /* Products */;
			projectDirPath = "";
			projectRoot = "";
			targets = (
				1ECA773A1E2894BD005ECD40 /* EzTet */,
			);
		};
/* End PBXProject section */

/* Begin PBXResourcesBuildPhase section */
		1ECA77391E2894BD005ECD40 /* Resources */ = {
			isa = PBXResourcesBuildPhase;
			buildActionMask = 2147483647;
			files = (
				1ECA77491E2894BD005ECD40 /* LaunchScreen.storyboard in Resources */,
				1ECA77461E2894BD005ECD40 /* Assets.xcassets in Resources */,
				1ECA77441E2894BD005ECD40 /* Main.storyboard in Resources */,
			);
			runOnlyForDeploymentPostprocessing = 0;
		};
/* End PBXResourcesBuildPhase section */

/* Begin PBXSourcesBuildPhase section */
		1ECA77371E2894BD005ECD40 /* Sources */ = {
			isa = PBXSourcesBuildPhase;
			buildActionMask = 2147483647;
			files = (
				1ECA77411E2894BD005ECD40 /* ViewController.swift in Sources */,
				1ECA773F1E2894BD005ECD40 /* AppDelegate.swift in Sources */,
			);
			runOnlyForDeploymentPostprocessing = 0;
		};
/* End PBXSourcesBuildPhase section */

/* Begin PBXVariantGroup section */
		1ECA77421E2894BD005ECD40 /* Main.storyboard */ = {
			isa = PBXVariantGroup;
			children = (
				1ECA77431E2894BD005ECD40 /* Base */,
			);
			name = Main.storyboard;
			sourceTree = "<group>";
		};
		1ECA77471E2894BD005ECD40 /* LaunchScreen.storyboard */ = {
			isa = PBXVariantGroup;
			children = (
				1ECA77481E2894BD005ECD40 /* Base */,
			);
			name = LaunchScreen.storyboard;
			sourceTree = "<group>";
		};
/* End PBXVariantGroup section */

/* Begin XCBuildConfiguration section */
		1ECA774B1E2894BD005ECD40 /* Debug */ = {
			isa = XCBuildConfiguration;
			buildSettings = {
				ALWAYS_SEARCH_USER_PATHS = NO;
				CLANG_ANALYZER_NONNULL = YES;
				CLANG_CXX_LANGUAGE_STANDARD = "gnu++0x";
				CLANG_CXX_LIBRARY = "libc++";
				CLANG_ENABLE_MODULES = YES;
				CLANG_ENABLE_OBJC_ARC = YES;
				CLANG_WARN_BOOL_CONVERSION = YES;
				CLANG_WARN_CONSTANT_CONVERSION = YES;
				CLANG_WARN_DIRECT_OBJC_ISA_USAGE = YES_ERROR;
				CLANG_WARN_DOCUMENTATION_COMMENTS = YES;
				CLANG_WARN_EMPTY_BODY = YES;
				CLANG_WARN_ENUM_CONVERSION = YES;
				CLANG_WARN_INFINITE_RECURSION = YES;
				CLANG_WARN_INT_CONVERSION = YES;
				CLANG_WARN_OBJC_ROOT_CLASS = YES_ERROR;
				CLANG_WARN_SUSPICIOUS_MOVES = YES;
				CLANG_WARN_UNREACHABLE_CODE = YES;
				CLANG_WARN__DUPLICATE_METHOD_MATCH = YES;
				"CODE_SIGN_IDENTITY[sdk=iphoneos*]" = "iPhone Developer";
				COPY_PHASE_STRIP = NO;
				DEBUG_INFORMATION_FORMAT = dwarf;
				ENABLE_STRICT_OBJC_MSGSEND = YES;
				ENABLE_TESTABILITY = YES;
				GCC_C_LANGUAGE_STANDARD = gnu99;
				GCC_DYNAMIC_NO_PIC = NO;
				GCC_NO_COMMON_BLOCKS = YES;
				GCC_OPTIMIZATION_LEVEL = 0;
				GCC_PREPROCESSOR_DEFINITIONS = (
					"DEBUG=1",
					"$(inherited)",
				);
				GCC_WARN_64_TO_32_BIT_CONVERSION = YES;
				GCC_WARN_ABOUT_RETURN_TYPE = YES_ERROR;
				GCC_WARN_UNDECLARED_SELECTOR = YES;
				GCC_WARN_UNINITIALIZED_AUTOS = YES_AGGRESSIVE;
				GCC_WARN_UNUSED_FUNCTION = YES;
				GCC_WARN_UNUSED_VARIABLE = YES;
				IPHONEOS_DEPLOYMENT_TARGET = 10.0;
				MTL_ENABLE_DEBUG_INFO = YES;
				ONLY_ACTIVE_ARCH = YES;
				SDKROOT = iphoneos;
				SWIFT_ACTIVE_COMPILATION_CONDITIONS = DEBUG;
				SWIFT_OPTIMIZATION_LEVEL = "-Onone";
				TARGETED_DEVICE_FAMILY = "1,2";
			};
			name = Debug;
		};
		1ECA774C1E2894BD005ECD40 /* Release */ = {
			isa = XCBuildConfiguration;
			buildSettings = {
				ALWAYS_SEARCH_USER_PATHS = NO;
				CLANG_ANALYZER_NONNULL = YES;
				CLANG_CXX_LANGUAGE_STANDARD = "gnu++0x";
				CLANG_CXX_LIBRARY = "libc++";
				CLANG_ENABLE_MODULES = YES;
				CLANG_ENABLE_OBJC_ARC = YES;
				CLANG_WARN_BOOL_CONVERSION = YES;
				CLANG_WARN_CONSTANT_CONVERSION = YES;
				CLANG_WARN_DIRECT_OBJC_ISA_USAGE = YES_ERROR;
				CLANG_WARN_DOCUMENTATION_COMMENTS = YES;
				CLANG_WARN_EMPTY_BODY = YES;
				CLANG_WARN_ENUM_CONVERSION = YES;
				CLANG_WARN_INFINITE_RECURSION = YES;
				CLANG_WARN_INT_CONVERSION = YES;
				CLANG_WARN_OBJC_ROOT_CLASS = YES_ERROR;
				CLANG_WARN_SUSPICIOUS_MOVES = YES;
				CLANG_WARN_UNREACHABLE_CODE = YES;
				CLANG_WARN__DUPLICATE_METHOD_MATCH = YES;
				"CODE_SIGN_IDENTITY[sdk=iphoneos*]" = "iPhone Developer";
				COPY_PHASE_STRIP = NO;
				DEBUG_INFORMATION_FORMAT = "dwarf-with-dsym";
				ENABLE_NS_ASSERTIONS = NO;
				ENABLE_STRICT_OBJC_MSGSEND = YES;
				GCC_C_LANGUAGE_STANDARD = gnu99;
				GCC_NO_COMMON_BLOCKS = YES;
				GCC_WARN_64_TO_32_BIT_CONVERSION = YES;
				GCC_WARN_ABOUT_RETURN_TYPE = YES_ERROR;
				GCC_WARN_UNDECLARED_SELECTOR = YES;
				GCC_WARN_UNINITIALIZED_AUTOS = YES_AGGRESSIVE;
				GCC_WARN_UNUSED_FUNCTION = YES;
				GCC_WARN_UNUSED_VARIABLE = YES;
				IPHONEOS_DEPLOYMENT_TARGET = 10.0;
				MTL_ENABLE_DEBUG_INFO = NO;
				SDKROOT = iphoneos;
				SWIFT_OPTIMIZATION_LEVEL = "-Owholemodule";
				TARGETED_DEVICE_FAMILY = "1,2";
				VALIDATE_PRODUCT = YES;
			};
			name = Release;
		};
		1ECA774E1E2894BD005ECD40 /* Debug */ = {
			isa = XCBuildConfiguration;
			buildSettings = {
				ASSETCATALOG_COMPILER_APPICON_NAME = AppIcon;
				INFOPLIST_FILE = EzTet/Info.plist;
				LD_RUNPATH_SEARCH_PATHS = "$(inherited) @executable_path/Frameworks";
				PRODUCT_BUNDLE_IDENTIFIER = vn.techmaster.EzTet;
				PRODUCT_NAME = "$(TARGET_NAME)";
				SWIFT_VERSION = 3.0;
			};
			name = Debug;
		};
		1ECA774F1E2894BD005ECD40 /* Release */ = {
			isa = XCBuildConfiguration;
			buildSettings = {
				ASSETCATALOG_COMPILER_APPICON_NAME = AppIcon;
				INFOPLIST_FILE = EzTet/Info.plist;
				LD_RUNPATH_SEARCH_PATHS = "$(inherited) @executable_path/Frameworks";
				PRODUCT_BUNDLE_IDENTIFIER = vn.techmaster.EzTet;
				PRODUCT_NAME = "$(TARGET_NAME)";
				SWIFT_VERSION = 3.0;
			};
			name = Release;
		};
/* End XCBuildConfiguration section */

/* Begin XCConfigurationList section */
		1ECA77361E2894BD005ECD40 /* Build configuration list for PBXProject "EzTet" */ = {
			isa = XCConfigurationList;
			buildConfigurations = (
				1ECA774B1E2894BD005ECD40 /* Debug */,
				1ECA774C1E2894BD005ECD40 /* Release */,
			);
			defaultConfigurationIsVisible = 0;
			defaultConfigurationName = Release;
		};
		1ECA774D1E2894BD005ECD40 /* Build configuration list for PBXNativeTarget "EzTet" */ = {
			isa = XCConfigurationList;
			buildConfigurations = (
				1ECA774E1E2894BD005ECD40 /* Debug */,
				1ECA774F1E2894BD005ECD40 /* Release */,
			);
			defaultConfigurationIsVisible = 0;
		};
/* End XCConfigurationList section */
	};
	rootObject = 1ECA77331E2894BD005ECD40 /* Project object */;
}
